// !$*UTF8*$!
{
	archiveVersion = 1;
	classes = {
	};
	objectVersion = 48;
	objects = {

/* Begin PBXBuildFile section */
		831F01E7CEBE0C5F16A328EB /* Pods_InstagramUITests.framework in Frameworks */ = {isa = PBXBuildFile; fileRef = CDE5DB3CF72DA9509CF1EBCE /* Pods_InstagramUITests.framework */; };
		A198D18ED1C1227E2485354A /* Pods_InstagramTests.framework in Frameworks */ = {isa = PBXBuildFile; fileRef = 8D5A6ABF2F09938EC2B2E7A0 /* Pods_InstagramTests.framework */; };
		C70B17CA2EDF1694FFEE5EFA /* Pods_Instagram.framework in Frameworks */ = {isa = PBXBuildFile; fileRef = BF007770257F11977ED21CBD /* Pods_Instagram.framework */; };
		D31A55D82040AC880043835F /* FeedViewController.swift in Sources */ = {isa = PBXBuildFile; fileRef = D31A55D72040AC880043835F /* FeedViewController.swift */; };
		D32685D7203D258600CC985D /* Billabong.ttf in Resources */ = {isa = PBXBuildFile; fileRef = D32685D6203D258600CC985D /* Billabong.ttf */; };
		D3969BBC203C0F4C005ACEC2 /* LoginViewController.swift in Sources */ = {isa = PBXBuildFile; fileRef = D3969BBB203C0F4C005ACEC2 /* LoginViewController.swift */; };
		D3DBBA29203C0B8600970D86 /* AppDelegate.swift in Sources */ = {isa = PBXBuildFile; fileRef = D3DBBA28203C0B8600970D86 /* AppDelegate.swift */; };
		D3DBBA2E203C0B8600970D86 /* Main.storyboard in Resources */ = {isa = PBXBuildFile; fileRef = D3DBBA2C203C0B8600970D86 /* Main.storyboard */; };
		D3DBBA30203C0B8600970D86 /* Assets.xcassets in Resources */ = {isa = PBXBuildFile; fileRef = D3DBBA2F203C0B8600970D86 /* Assets.xcassets */; };
		D3DBBA33203C0B8600970D86 /* LaunchScreen.storyboard in Resources */ = {isa = PBXBuildFile; fileRef = D3DBBA31203C0B8600970D86 /* LaunchScreen.storyboard */; };
		D3DBBA3E203C0B8600970D86 /* InstagramTests.swift in Sources */ = {isa = PBXBuildFile; fileRef = D3DBBA3D203C0B8600970D86 /* InstagramTests.swift */; };
		D3DBBA49203C0B8600970D86 /* InstagramUITests.swift in Sources */ = {isa = PBXBuildFile; fileRef = D3DBBA48203C0B8600970D86 /* InstagramUITests.swift */; };
		D3FA5248204221E8008C7CAC /* ComposeViewController.swift in Sources */ = {isa = PBXBuildFile; fileRef = D3FA5247204221E8008C7CAC /* ComposeViewController.swift */; };
/* End PBXBuildFile section */

/* Begin PBXContainerItemProxy section */
		D3DBBA3A203C0B8600970D86 /* PBXContainerItemProxy */ = {
			isa = PBXContainerItemProxy;
			containerPortal = D3DBBA1D203C0B8600970D86 /* Project object */;
			proxyType = 1;
			remoteGlobalIDString = D3DBBA24203C0B8600970D86;
			remoteInfo = Instagram;
		};
		D3DBBA45203C0B8600970D86 /* PBXContainerItemProxy */ = {
			isa = PBXContainerItemProxy;
			containerPortal = D3DBBA1D203C0B8600970D86 /* Project object */;
			proxyType = 1;
			remoteGlobalIDString = D3DBBA24203C0B8600970D86;
			remoteInfo = Instagram;
		};
/* End PBXContainerItemProxy section */

/* Begin PBXFileReference section */
		21D78235CD5984A52350AA41 /* Pods-Instagram.debug.xcconfig */ = {isa = PBXFileReference; includeInIndex = 1; lastKnownFileType = text.xcconfig; name = "Pods-Instagram.debug.xcconfig"; path = "Pods/Target Support Files/Pods-Instagram/Pods-Instagram.debug.xcconfig"; sourceTree = "<group>"; };
		37B1733F6195D6801A6986C0 /* Pods-InstagramUITests.release.xcconfig */ = {isa = PBXFileReference; includeInIndex = 1; lastKnownFileType = text.xcconfig; name = "Pods-InstagramUITests.release.xcconfig"; path = "Pods/Target Support Files/Pods-InstagramUITests/Pods-InstagramUITests.release.xcconfig"; sourceTree = "<group>"; };
		5BC193B0D4A587E9495C90D1 /* Pods-InstagramUITests.debug.xcconfig */ = {isa = PBXFileReference; includeInIndex = 1; lastKnownFileType = text.xcconfig; name = "Pods-InstagramUITests.debug.xcconfig"; path = "Pods/Target Support Files/Pods-InstagramUITests/Pods-InstagramUITests.debug.xcconfig"; sourceTree = "<group>"; };
		7F093C8A233C6EE8A8FAAD28 /* Pods-InstagramTests.release.xcconfig */ = {isa = PBXFileReference; includeInIndex = 1; lastKnownFileType = text.xcconfig; name = "Pods-InstagramTests.release.xcconfig"; path = "Pods/Target Support Files/Pods-InstagramTests/Pods-InstagramTests.release.xcconfig"; sourceTree = "<group>"; };
		8D5A6ABF2F09938EC2B2E7A0 /* Pods_InstagramTests.framework */ = {isa = PBXFileReference; explicitFileType = wrapper.framework; includeInIndex = 0; path = Pods_InstagramTests.framework; sourceTree = BUILT_PRODUCTS_DIR; };
		ABDD0CD8999FC0D42B9FE359 /* Pods-InstagramTests.debug.xcconfig */ = {isa = PBXFileReference; includeInIndex = 1; lastKnownFileType = text.xcconfig; name = "Pods-InstagramTests.debug.xcconfig"; path = "Pods/Target Support Files/Pods-InstagramTests/Pods-InstagramTests.debug.xcconfig"; sourceTree = "<group>"; };
		BF007770257F11977ED21CBD /* Pods_Instagram.framework */ = {isa = PBXFileReference; explicitFileType = wrapper.framework; includeInIndex = 0; path = Pods_Instagram.framework; sourceTree = BUILT_PRODUCTS_DIR; };
		CDE5DB3CF72DA9509CF1EBCE /* Pods_InstagramUITests.framework */ = {isa = PBXFileReference; explicitFileType = wrapper.framework; includeInIndex = 0; path = Pods_InstagramUITests.framework; sourceTree = BUILT_PRODUCTS_DIR; };
		D31A55D72040AC880043835F /* FeedViewController.swift */ = {isa = PBXFileReference; lastKnownFileType = sourcecode.swift; path = FeedViewController.swift; sourceTree = "<group>"; };
		D32685D6203D258600CC985D /* Billabong.ttf */ = {isa = PBXFileReference; lastKnownFileType = file; name = Billabong.ttf; path = Instagram/Fonts/Billabong.ttf; sourceTree = SOURCE_ROOT; };
		D3969BBB203C0F4C005ACEC2 /* LoginViewController.swift */ = {isa = PBXFileReference; lastKnownFileType = sourcecode.swift; path = LoginViewController.swift; sourceTree = "<group>"; };
		D3DBBA25203C0B8600970D86 /* Instagram.app */ = {isa = PBXFileReference; explicitFileType = wrapper.application; includeInIndex = 0; path = Instagram.app; sourceTree = BUILT_PRODUCTS_DIR; };
		D3DBBA28203C0B8600970D86 /* AppDelegate.swift */ = {isa = PBXFileReference; lastKnownFileType = sourcecode.swift; path = AppDelegate.swift; sourceTree = "<group>"; };
		D3DBBA2D203C0B8600970D86 /* Base */ = {isa = PBXFileReference; lastKnownFileType = file.storyboard; name = Base; path = Base.lproj/Main.storyboard; sourceTree = "<group>"; };
		D3DBBA2F203C0B8600970D86 /* Assets.xcassets */ = {isa = PBXFileReference; lastKnownFileType = folder.assetcatalog; path = Assets.xcassets; sourceTree = "<group>"; };
		D3DBBA32203C0B8600970D86 /* Base */ = {isa = PBXFileReference; lastKnownFileType = file.storyboard; name = Base; path = Base.lproj/LaunchScreen.storyboard; sourceTree = "<group>"; };
		D3DBBA34203C0B8600970D86 /* Info.plist */ = {isa = PBXFileReference; lastKnownFileType = text.plist.xml; path = Info.plist; sourceTree = "<group>"; };
		D3DBBA39203C0B8600970D86 /* InstagramTests.xctest */ = {isa = PBXFileReference; explicitFileType = wrapper.cfbundle; includeInIndex = 0; path = InstagramTests.xctest; sourceTree = BUILT_PRODUCTS_DIR; };
		D3DBBA3D203C0B8600970D86 /* InstagramTests.swift */ = {isa = PBXFileReference; lastKnownFileType = sourcecode.swift; path = InstagramTests.swift; sourceTree = "<group>"; };
		D3DBBA3F203C0B8600970D86 /* Info.plist */ = {isa = PBXFileReference; lastKnownFileType = text.plist.xml; path = Info.plist; sourceTree = "<group>"; };
		D3DBBA44203C0B8600970D86 /* InstagramUITests.xctest */ = {isa = PBXFileReference; explicitFileType = wrapper.cfbundle; includeInIndex = 0; path = InstagramUITests.xctest; sourceTree = BUILT_PRODUCTS_DIR; };
		D3DBBA48203C0B8600970D86 /* InstagramUITests.swift */ = {isa = PBXFileReference; lastKnownFileType = sourcecode.swift; path = InstagramUITests.swift; sourceTree = "<group>"; };
		D3DBBA4A203C0B8600970D86 /* Info.plist */ = {isa = PBXFileReference; lastKnownFileType = text.plist.xml; path = Info.plist; sourceTree = "<group>"; };
		D3FA5247204221E8008C7CAC /* ComposeViewController.swift */ = {isa = PBXFileReference; lastKnownFileType = sourcecode.swift; path = ComposeViewController.swift; sourceTree = "<group>"; };
		F56F49B042181C914EF7FE25 /* Pods-Instagram.release.xcconfig */ = {isa = PBXFileReference; includeInIndex = 1; lastKnownFileType = text.xcconfig; name = "Pods-Instagram.release.xcconfig"; path = "Pods/Target Support Files/Pods-Instagram/Pods-Instagram.release.xcconfig"; sourceTree = "<group>"; };
/* End PBXFileReference section */

/* Begin PBXFrameworksBuildPhase section */
		D3DBBA22203C0B8600970D86 /* Frameworks */ = {
			isa = PBXFrameworksBuildPhase;
			buildActionMask = 2147483647;
			files = (
				C70B17CA2EDF1694FFEE5EFA /* Pods_Instagram.framework in Frameworks */,
			);
			runOnlyForDeploymentPostprocessing = 0;
		};
		D3DBBA36203C0B8600970D86 /* Frameworks */ = {
			isa = PBXFrameworksBuildPhase;
			buildActionMask = 2147483647;
			files = (
				A198D18ED1C1227E2485354A /* Pods_InstagramTests.framework in Frameworks */,
			);
			runOnlyForDeploymentPostprocessing = 0;
		};
		D3DBBA41203C0B8600970D86 /* Frameworks */ = {
			isa = PBXFrameworksBuildPhase;
			buildActionMask = 2147483647;
			files = (
				831F01E7CEBE0C5F16A328EB /* Pods_InstagramUITests.framework in Frameworks */,
			);
			runOnlyForDeploymentPostprocessing = 0;
		};
/* End PBXFrameworksBuildPhase section */

/* Begin PBXGroup section */
		C608888B31807549FA4CA941 /* Pods */ = {
			isa = PBXGroup;
			children = (
				21D78235CD5984A52350AA41 /* Pods-Instagram.debug.xcconfig */,
				F56F49B042181C914EF7FE25 /* Pods-Instagram.release.xcconfig */,
				ABDD0CD8999FC0D42B9FE359 /* Pods-InstagramTests.debug.xcconfig */,
				7F093C8A233C6EE8A8FAAD28 /* Pods-InstagramTests.release.xcconfig */,
				5BC193B0D4A587E9495C90D1 /* Pods-InstagramUITests.debug.xcconfig */,
				37B1733F6195D6801A6986C0 /* Pods-InstagramUITests.release.xcconfig */,
			);
			name = Pods;
			sourceTree = "<group>";
		};
		D1E45B7EEC268A41EEF1BB6F /* Frameworks */ = {
			isa = PBXGroup;
			children = (
				BF007770257F11977ED21CBD /* Pods_Instagram.framework */,
				8D5A6ABF2F09938EC2B2E7A0 /* Pods_InstagramTests.framework */,
				CDE5DB3CF72DA9509CF1EBCE /* Pods_InstagramUITests.framework */,
			);
			name = Frameworks;
			sourceTree = "<group>";
		};
		D3969BBA203C0F19005ACEC2 /* ViewControllers */ = {
			isa = PBXGroup;
			children = (
				D3969BBB203C0F4C005ACEC2 /* LoginViewController.swift */,
				D31A55D72040AC880043835F /* FeedViewController.swift */,
				D3FA5247204221E8008C7CAC /* ComposeViewController.swift */,
			);
			path = ViewControllers;
			sourceTree = "<group>";
		};
		D3AC0D44203D33F80094A15B /* Fonts */ = {
			isa = PBXGroup;
			children = (
				D32685D6203D258600CC985D /* Billabong.ttf */,
			);
			path = Fonts;
			sourceTree = "<group>";
		};
		D3DBBA1C203C0B8600970D86 = {
			isa = PBXGroup;
			children = (
				D3DBBA27203C0B8600970D86 /* Instagram */,
				D3DBBA3C203C0B8600970D86 /* InstagramTests */,
				D3DBBA47203C0B8600970D86 /* InstagramUITests */,
				D3DBBA26203C0B8600970D86 /* Products */,
				C608888B31807549FA4CA941 /* Pods */,
				D1E45B7EEC268A41EEF1BB6F /* Frameworks */,
			);
			sourceTree = "<group>";
		};
		D3DBBA26203C0B8600970D86 /* Products */ = {
			isa = PBXGroup;
			children = (
				D3DBBA25203C0B8600970D86 /* Instagram.app */,
				D3DBBA39203C0B8600970D86 /* InstagramTests.xctest */,
				D3DBBA44203C0B8600970D86 /* InstagramUITests.xctest */,
			);
			name = Products;
			sourceTree = "<group>";
		};
		D3DBBA27203C0B8600970D86 /* Instagram */ = {
			isa = PBXGroup;
			children = (
				D3969BBA203C0F19005ACEC2 /* ViewControllers */,
				D3DBBA28203C0B8600970D86 /* AppDelegate.swift */,
				D3DBBA2C203C0B8600970D86 /* Main.storyboard */,
				D3DBBA2F203C0B8600970D86 /* Assets.xcassets */,
				D3DBBA31203C0B8600970D86 /* LaunchScreen.storyboard */,
				D3AC0D44203D33F80094A15B /* Fonts */,
				D3DBBA34203C0B8600970D86 /* Info.plist */,
			);
			path = Instagram;
			sourceTree = "<group>";
		};
		D3DBBA3C203C0B8600970D86 /* InstagramTests */ = {
			isa = PBXGroup;
			children = (
				D3DBBA3D203C0B8600970D86 /* InstagramTests.swift */,
				D3DBBA3F203C0B8600970D86 /* Info.plist */,
			);
			path = InstagramTests;
			sourceTree = "<group>";
		};
		D3DBBA47203C0B8600970D86 /* InstagramUITests */ = {
			isa = PBXGroup;
			children = (
				D3DBBA48203C0B8600970D86 /* InstagramUITests.swift */,
				D3DBBA4A203C0B8600970D86 /* Info.plist */,
			);
			path = InstagramUITests;
			sourceTree = "<group>";
		};
/* End PBXGroup section */

/* Begin PBXNativeTarget section */
		D3DBBA24203C0B8600970D86 /* Instagram */ = {
			isa = PBXNativeTarget;
			buildConfigurationList = D3DBBA4D203C0B8600970D86 /* Build configuration list for PBXNativeTarget "Instagram" */;
			buildPhases = (
				E54BED06379F50BC882184EE /* [CP] Check Pods Manifest.lock */,
				D3DBBA21203C0B8600970D86 /* Sources */,
				D3DBBA22203C0B8600970D86 /* Frameworks */,
				D3DBBA23203C0B8600970D86 /* Resources */,
				13324B3B741C6CDCCD99A70C /* [CP] Embed Pods Frameworks */,
				79A01906AFFF70D4F97C7344 /* [CP] Copy Pods Resources */,
			);
			buildRules = (
			);
			dependencies = (
			);
			name = Instagram;
			productName = Instagram;
			productReference = D3DBBA25203C0B8600970D86 /* Instagram.app */;
			productType = "com.apple.product-type.application";
		};
		D3DBBA38203C0B8600970D86 /* InstagramTests */ = {
			isa = PBXNativeTarget;
			buildConfigurationList = D3DBBA50203C0B8600970D86 /* Build configuration list for PBXNativeTarget "InstagramTests" */;
			buildPhases = (
				76A7F1E5127207E98C70E90C /* [CP] Check Pods Manifest.lock */,
				D3DBBA35203C0B8600970D86 /* Sources */,
				D3DBBA36203C0B8600970D86 /* Frameworks */,
				D3DBBA37203C0B8600970D86 /* Resources */,
				CDC8ED5759855F637E153256 /* [CP] Embed Pods Frameworks */,
				98CF5417661D2FC1BFC8D926 /* [CP] Copy Pods Resources */,
			);
			buildRules = (
			);
			dependencies = (
				D3DBBA3B203C0B8600970D86 /* PBXTargetDependency */,
			);
			name = InstagramTests;
			productName = InstagramTests;
			productReference = D3DBBA39203C0B8600970D86 /* InstagramTests.xctest */;
			productType = "com.apple.product-type.bundle.unit-test";
		};
		D3DBBA43203C0B8600970D86 /* InstagramUITests */ = {
			isa = PBXNativeTarget;
			buildConfigurationList = D3DBBA53203C0B8600970D86 /* Build configuration list for PBXNativeTarget "InstagramUITests" */;
			buildPhases = (
				84E8E678D52217F7D53811E6 /* [CP] Check Pods Manifest.lock */,
				D3DBBA40203C0B8600970D86 /* Sources */,
				D3DBBA41203C0B8600970D86 /* Frameworks */,
				D3DBBA42203C0B8600970D86 /* Resources */,
				994872B05179918DE8F9254E /* [CP] Embed Pods Frameworks */,
				0A36ECC8CA0F6C411D277F1B /* [CP] Copy Pods Resources */,
			);
			buildRules = (
			);
			dependencies = (
				D3DBBA46203C0B8600970D86 /* PBXTargetDependency */,
			);
			name = InstagramUITests;
			productName = InstagramUITests;
			productReference = D3DBBA44203C0B8600970D86 /* InstagramUITests.xctest */;
			productType = "com.apple.product-type.bundle.ui-testing";
		};
/* End PBXNativeTarget section */

/* Begin PBXProject section */
		D3DBBA1D203C0B8600970D86 /* Project object */ = {
			isa = PBXProject;
			attributes = {
				LastSwiftUpdateCheck = 0920;
				LastUpgradeCheck = 0920;
				ORGANIZATIONNAME = "Alberto Nencioni";
				TargetAttributes = {
					D3DBBA24203C0B8600970D86 = {
						CreatedOnToolsVersion = 9.2;
						ProvisioningStyle = Automatic;
					};
					D3DBBA38203C0B8600970D86 = {
						CreatedOnToolsVersion = 9.2;
						ProvisioningStyle = Automatic;
						TestTargetID = D3DBBA24203C0B8600970D86;
					};
					D3DBBA43203C0B8600970D86 = {
						CreatedOnToolsVersion = 9.2;
						ProvisioningStyle = Automatic;
						TestTargetID = D3DBBA24203C0B8600970D86;
					};
				};
			};
			buildConfigurationList = D3DBBA20203C0B8600970D86 /* Build configuration list for PBXProject "Instagram" */;
			compatibilityVersion = "Xcode 8.0";
			developmentRegion = en;
			hasScannedForEncodings = 0;
			knownRegions = (
				en,
				Base,
			);
			mainGroup = D3DBBA1C203C0B8600970D86;
			productRefGroup = D3DBBA26203C0B8600970D86 /* Products */;
			projectDirPath = "";
			projectRoot = "";
			targets = (
				D3DBBA24203C0B8600970D86 /* Instagram */,
				D3DBBA38203C0B8600970D86 /* InstagramTests */,
				D3DBBA43203C0B8600970D86 /* InstagramUITests */,
			);
		};
/* End PBXProject section */

/* Begin PBXResourcesBuildPhase section */
		D3DBBA23203C0B8600970D86 /* Resources */ = {
			isa = PBXResourcesBuildPhase;
			buildActionMask = 2147483647;
			files = (
				D3DBBA33203C0B8600970D86 /* LaunchScreen.storyboard in Resources */,
				D3DBBA30203C0B8600970D86 /* Assets.xcassets in Resources */,
				D3DBBA2E203C0B8600970D86 /* Main.storyboard in Resources */,
				D32685D7203D258600CC985D /* Billabong.ttf in Resources */,
			);
			runOnlyForDeploymentPostprocessing = 0;
		};
		D3DBBA37203C0B8600970D86 /* Resources */ = {
			isa = PBXResourcesBuildPhase;
			buildActionMask = 2147483647;
			files = (
			);
			runOnlyForDeploymentPostprocessing = 0;
		};
		D3DBBA42203C0B8600970D86 /* Resources */ = {
			isa = PBXResourcesBuildPhase;
			buildActionMask = 2147483647;
			files = (
			);
			runOnlyForDeploymentPostprocessing = 0;
		};
/* End PBXResourcesBuildPhase section */

/* Begin PBXShellScriptBuildPhase section */
		0A36ECC8CA0F6C411D277F1B /* [CP] Copy Pods Resources */ = {
			isa = PBXShellScriptBuildPhase;
			buildActionMask = 2147483647;
			files = (
			);
			inputPaths = (
			);
			name = "[CP] Copy Pods Resources";
			outputPaths = (
			);
			runOnlyForDeploymentPostprocessing = 0;
			shellPath = /bin/sh;
			shellScript = "\"${SRCROOT}/Pods/Target Support Files/Pods-InstagramUITests/Pods-InstagramUITests-resources.sh\"\n";
			showEnvVarsInLog = 0;
		};
		13324B3B741C6CDCCD99A70C /* [CP] Embed Pods Frameworks */ = {
			isa = PBXShellScriptBuildPhase;
			buildActionMask = 2147483647;
			files = (
			);
			inputPaths = (
				"${SRCROOT}/Pods/Target Support Files/Pods-Instagram/Pods-Instagram-frameworks.sh",
				"${BUILT_PRODUCTS_DIR}/Bolts/Bolts.framework",
				"${BUILT_PRODUCTS_DIR}/Parse/Parse.framework",
			);
			name = "[CP] Embed Pods Frameworks";
			outputPaths = (
				"${TARGET_BUILD_DIR}/${FRAMEWORKS_FOLDER_PATH}/Bolts.framework",
				"${TARGET_BUILD_DIR}/${FRAMEWORKS_FOLDER_PATH}/Parse.framework",
			);
			runOnlyForDeploymentPostprocessing = 0;
			shellPath = /bin/sh;
			shellScript = "\"${SRCROOT}/Pods/Target Support Files/Pods-Instagram/Pods-Instagram-frameworks.sh\"\n";
			showEnvVarsInLog = 0;
		};
		76A7F1E5127207E98C70E90C /* [CP] Check Pods Manifest.lock */ = {
			isa = PBXShellScriptBuildPhase;
			buildActionMask = 2147483647;
			files = (
			);
			inputPaths = (
				"${PODS_PODFILE_DIR_PATH}/Podfile.lock",
				"${PODS_ROOT}/Manifest.lock",
			);
			name = "[CP] Check Pods Manifest.lock";
			outputPaths = (
				"$(DERIVED_FILE_DIR)/Pods-InstagramTests-checkManifestLockResult.txt",
			);
			runOnlyForDeploymentPostprocessing = 0;
			shellPath = /bin/sh;
			shellScript = "diff \"${PODS_PODFILE_DIR_PATH}/Podfile.lock\" \"${PODS_ROOT}/Manifest.lock\" > /dev/null\nif [ $? != 0 ] ; then\n    # print error to STDERR\n    echo \"error: The sandbox is not in sync with the Podfile.lock. Run 'pod install' or update your CocoaPods installation.\" >&2\n    exit 1\nfi\n# This output is used by Xcode 'outputs' to avoid re-running this script phase.\necho \"SUCCESS\" > \"${SCRIPT_OUTPUT_FILE_0}\"\n";
			showEnvVarsInLog = 0;
		};
		79A01906AFFF70D4F97C7344 /* [CP] Copy Pods Resources */ = {
			isa = PBXShellScriptBuildPhase;
			buildActionMask = 2147483647;
			files = (
			);
			inputPaths = (
			);
			name = "[CP] Copy Pods Resources";
			outputPaths = (
			);
			runOnlyForDeploymentPostprocessing = 0;
			shellPath = /bin/sh;
			shellScript = "\"${SRCROOT}/Pods/Target Support Files/Pods-Instagram/Pods-Instagram-resources.sh\"\n";
			showEnvVarsInLog = 0;
		};
		84E8E678D52217F7D53811E6 /* [CP] Check Pods Manifest.lock */ = {
			isa = PBXShellScriptBuildPhase;
			buildActionMask = 2147483647;
			files = (
			);
			inputPaths = (
				"${PODS_PODFILE_DIR_PATH}/Podfile.lock",
				"${PODS_ROOT}/Manifest.lock",
			);
			name = "[CP] Check Pods Manifest.lock";
			outputPaths = (
				"$(DERIVED_FILE_DIR)/Pods-InstagramUITests-checkManifestLockResult.txt",
			);
			runOnlyForDeploymentPostprocessing = 0;
			shellPath = /bin/sh;
			shellScript = "diff \"${PODS_PODFILE_DIR_PATH}/Podfile.lock\" \"${PODS_ROOT}/Manifest.lock\" > /dev/null\nif [ $? != 0 ] ; then\n    # print error to STDERR\n    echo \"error: The sandbox is not in sync with the Podfile.lock. Run 'pod install' or update your CocoaPods installation.\" >&2\n    exit 1\nfi\n# This output is used by Xcode 'outputs' to avoid re-running this script phase.\necho \"SUCCESS\" > \"${SCRIPT_OUTPUT_FILE_0}\"\n";
			showEnvVarsInLog = 0;
		};
		98CF5417661D2FC1BFC8D926 /* [CP] Copy Pods Resources */ = {
			isa = PBXShellScriptBuildPhase;
			buildActionMask = 2147483647;
			files = (
			);
			inputPaths = (
			);
			name = "[CP] Copy Pods Resources";
			outputPaths = (
			);
			runOnlyForDeploymentPostprocessing = 0;
			shellPath = /bin/sh;
			shellScript = "\"${SRCROOT}/Pods/Target Support Files/Pods-InstagramTests/Pods-InstagramTests-resources.sh\"\n";
			showEnvVarsInLog = 0;
		};
		994872B05179918DE8F9254E /* [CP] Embed Pods Frameworks */ = {
			isa = PBXShellScriptBuildPhase;
			buildActionMask = 2147483647;
			files = (
			);
			inputPaths = (
			);
			name = "[CP] Embed Pods Frameworks";
			outputPaths = (
			);
			runOnlyForDeploymentPostprocessing = 0;
			shellPath = /bin/sh;
			shellScript = "\"${SRCROOT}/Pods/Target Support Files/Pods-InstagramUITests/Pods-InstagramUITests-frameworks.sh\"\n";
			showEnvVarsInLog = 0;
		};
		CDC8ED5759855F637E153256 /* [CP] Embed Pods Frameworks */ = {
			isa = PBXShellScriptBuildPhase;
			buildActionMask = 2147483647;
			files = (
			);
			inputPaths = (
			);
			name = "[CP] Embed Pods Frameworks";
			outputPaths = (
			);
			runOnlyForDeploymentPostprocessing = 0;
			shellPath = /bin/sh;
			shellScript = "\"${SRCROOT}/Pods/Target Support Files/Pods-InstagramTests/Pods-InstagramTests-frameworks.sh\"\n";
			showEnvVarsInLog = 0;
		};
		E54BED06379F50BC882184EE /* [CP] Check Pods Manifest.lock */ = {
			isa = PBXShellScriptBuildPhase;
			buildActionMask = 2147483647;
			files = (
			);
			inputPaths = (
				"${PODS_PODFILE_DIR_PATH}/Podfile.lock",
				"${PODS_ROOT}/Manifest.lock",
			);
			name = "[CP] Check Pods Manifest.lock";
			outputPaths = (
				"$(DERIVED_FILE_DIR)/Pods-Instagram-checkManifestLockResult.txt",
			);
			runOnlyForDeploymentPostprocessing = 0;
			shellPath = /bin/sh;
			shellScript = "diff \"${PODS_PODFILE_DIR_PATH}/Podfile.lock\" \"${PODS_ROOT}/Manifest.lock\" > /dev/null\nif [ $? != 0 ] ; then\n    # print error to STDERR\n    echo \"error: The sandbox is not in sync with the Podfile.lock. Run 'pod install' or update your CocoaPods installation.\" >&2\n    exit 1\nfi\n# This output is used by Xcode 'outputs' to avoid re-running this script phase.\necho \"SUCCESS\" > \"${SCRIPT_OUTPUT_FILE_0}\"\n";
			showEnvVarsInLog = 0;
		};
/* End PBXShellScriptBuildPhase section */

/* Begin PBXSourcesBuildPhase section */
		D3DBBA21203C0B8600970D86 /* Sources */ = {
			isa = PBXSourcesBuildPhase;
			buildActionMask = 2147483647;
			files = (
				D3969BBC203C0F4C005ACEC2 /* LoginViewController.swift in Sources */,
				D31A55D82040AC880043835F /* FeedViewController.swift in Sources */,
				D3DBBA29203C0B8600970D86 /* AppDelegate.swift in Sources */,
				D3FA5248204221E8008C7CAC /* ComposeViewController.swift in Sources */,
			);
			runOnlyForDeploymentPostprocessing = 0;
		};
		D3DBBA35203C0B8600970D86 /* Sources */ = {
			isa = PBXSourcesBuildPhase;
			buildActionMask = 2147483647;
			files = (
				D3DBBA3E203C0B8600970D86 /* InstagramTests.swift in Sources */,
			);
			runOnlyForDeploymentPostprocessing = 0;
		};
		D3DBBA40203C0B8600970D86 /* Sources */ = {
			isa = PBXSourcesBuildPhase;
			buildActionMask = 2147483647;
			files = (
				D3DBBA49203C0B8600970D86 /* InstagramUITests.swift in Sources */,
			);
			runOnlyForDeploymentPostprocessing = 0;
		};
/* End PBXSourcesBuildPhase section */

/* Begin PBXTargetDependency section */
		D3DBBA3B203C0B8600970D86 /* PBXTargetDependency */ = {
			isa = PBXTargetDependency;
			target = D3DBBA24203C0B8600970D86 /* Instagram */;
			targetProxy = D3DBBA3A203C0B8600970D86 /* PBXContainerItemProxy */;
		};
		D3DBBA46203C0B8600970D86 /* PBXTargetDependency */ = {
			isa = PBXTargetDependency;
			target = D3DBBA24203C0B8600970D86 /* Instagram */;
			targetProxy = D3DBBA45203C0B8600970D86 /* PBXContainerItemProxy */;
		};
/* End PBXTargetDependency section */

/* Begin PBXVariantGroup section */
		D3DBBA2C203C0B8600970D86 /* Main.storyboard */ = {
			isa = PBXVariantGroup;
			children = (
				D3DBBA2D203C0B8600970D86 /* Base */,
			);
			name = Main.storyboard;
			sourceTree = "<group>";
		};
		D3DBBA31203C0B8600970D86 /* LaunchScreen.storyboard */ = {
			isa = PBXVariantGroup;
			children = (
				D3DBBA32203C0B8600970D86 /* Base */,
			);
			name = LaunchScreen.storyboard;
			sourceTree = "<group>";
		};
/* End PBXVariantGroup section */

/* Begin XCBuildConfiguration section */
		D3DBBA4B203C0B8600970D86 /* Debug */ = {
			isa = XCBuildConfiguration;
			buildSettings = {
				ALWAYS_SEARCH_USER_PATHS = NO;
				CLANG_ANALYZER_NONNULL = YES;
				CLANG_ANALYZER_NUMBER_OBJECT_CONVERSION = YES_AGGRESSIVE;
				CLANG_CXX_LANGUAGE_STANDARD = "gnu++14";
				CLANG_CXX_LIBRARY = "libc++";
				CLANG_ENABLE_MODULES = YES;
				CLANG_ENABLE_OBJC_ARC = YES;
				CLANG_WARN_BLOCK_CAPTURE_AUTORELEASING = YES;
				CLANG_WARN_BOOL_CONVERSION = YES;
				CLANG_WARN_COMMA = YES;
				CLANG_WARN_CONSTANT_CONVERSION = YES;
				CLANG_WARN_DIRECT_OBJC_ISA_USAGE = YES_ERROR;
				CLANG_WARN_DOCUMENTATION_COMMENTS = YES;
				CLANG_WARN_EMPTY_BODY = YES;
				CLANG_WARN_ENUM_CONVERSION = YES;
				CLANG_WARN_INFINITE_RECURSION = YES;
				CLANG_WARN_INT_CONVERSION = YES;
				CLANG_WARN_NON_LITERAL_NULL_CONVERSION = YES;
				CLANG_WARN_OBJC_LITERAL_CONVERSION = YES;
				CLANG_WARN_OBJC_ROOT_CLASS = YES_ERROR;
				CLANG_WARN_RANGE_LOOP_ANALYSIS = YES;
				CLANG_WARN_STRICT_PROTOTYPES = YES;
				CLANG_WARN_SUSPICIOUS_MOVE = YES;
				CLANG_WARN_UNGUARDED_AVAILABILITY = YES_AGGRESSIVE;
				CLANG_WARN_UNREACHABLE_CODE = YES;
				CLANG_WARN__DUPLICATE_METHOD_MATCH = YES;
				CODE_SIGN_IDENTITY = "iPhone Developer";
				COPY_PHASE_STRIP = NO;
				DEBUG_INFORMATION_FORMAT = dwarf;
				ENABLE_STRICT_OBJC_MSGSEND = YES;
				ENABLE_TESTABILITY = YES;
				GCC_C_LANGUAGE_STANDARD = gnu11;
				GCC_DYNAMIC_NO_PIC = NO;
				GCC_NO_COMMON_BLOCKS = YES;
				GCC_OPTIMIZATION_LEVEL = 0;
				GCC_PREPROCESSOR_DEFINITIONS = (
					"DEBUG=1",
					"$(inherited)",
				);
				GCC_WARN_64_TO_32_BIT_CONVERSION = YES;
				GCC_WARN_ABOUT_RETURN_TYPE = YES_ERROR;
				GCC_WARN_UNDECLARED_SELECTOR = YES;
				GCC_WARN_UNINITIALIZED_AUTOS = YES_AGGRESSIVE;
				GCC_WARN_UNUSED_FUNCTION = YES;
				GCC_WARN_UNUSED_VARIABLE = YES;
				IPHONEOS_DEPLOYMENT_TARGET = 11.2;
				MTL_ENABLE_DEBUG_INFO = YES;
				ONLY_ACTIVE_ARCH = YES;
				SDKROOT = iphoneos;
				SWIFT_ACTIVE_COMPILATION_CONDITIONS = DEBUG;
				SWIFT_OPTIMIZATION_LEVEL = "-Onone";
			};
			name = Debug;
		};
		D3DBBA4C203C0B8600970D86 /* Release */ = {
			isa = XCBuildConfiguration;
			buildSettings = {
				ALWAYS_SEARCH_USER_PATHS = NO;
				CLANG_ANALYZER_NONNULL = YES;
				CLANG_ANALYZER_NUMBER_OBJECT_CONVERSION = YES_AGGRESSIVE;
				CLANG_CXX_LANGUAGE_STANDARD = "gnu++14";
				CLANG_CXX_LIBRARY = "libc++";
				CLANG_ENABLE_MODULES = YES;
				CLANG_ENABLE_OBJC_ARC = YES;
				CLANG_WARN_BLOCK_CAPTURE_AUTORELEASING = YES;
				CLANG_WARN_BOOL_CONVERSION = YES;
				CLANG_WARN_COMMA = YES;
				CLANG_WARN_CONSTANT_CONVERSION = YES;
				CLANG_WARN_DIRECT_OBJC_ISA_USAGE = YES_ERROR;
				CLANG_WARN_DOCUMENTATION_COMMENTS = YES;
				CLANG_WARN_EMPTY_BODY = YES;
				CLANG_WARN_ENUM_CONVERSION = YES;
				CLANG_WARN_INFINITE_RECURSION = YES;
				CLANG_WARN_INT_CONVERSION = YES;
				CLANG_WARN_NON_LITERAL_NULL_CONVERSION = YES;
				CLANG_WARN_OBJC_LITERAL_CONVERSION = YES;
				CLANG_WARN_OBJC_ROOT_CLASS = YES_ERROR;
				CLANG_WARN_RANGE_LOOP_ANALYSIS = YES;
				CLANG_WARN_STRICT_PROTOTYPES = YES;
				CLANG_WARN_SUSPICIOUS_MOVE = YES;
				CLANG_WARN_UNGUARDED_AVAILABILITY = YES_AGGRESSIVE;
				CLANG_WARN_UNREACHABLE_CODE = YES;
				CLANG_WARN__DUPLICATE_METHOD_MATCH = YES;
				CODE_SIGN_IDENTITY = "iPhone Developer";
				COPY_PHASE_STRIP = NO;
				DEBUG_INFORMATION_FORMAT = "dwarf-with-dsym";
				ENABLE_NS_ASSERTIONS = NO;
				ENABLE_STRICT_OBJC_MSGSEND = YES;
				GCC_C_LANGUAGE_STANDARD = gnu11;
				GCC_NO_COMMON_BLOCKS = YES;
				GCC_WARN_64_TO_32_BIT_CONVERSION = YES;
				GCC_WARN_ABOUT_RETURN_TYPE = YES_ERROR;
				GCC_WARN_UNDECLARED_SELECTOR = YES;
				GCC_WARN_UNINITIALIZED_AUTOS = YES_AGGRESSIVE;
				GCC_WARN_UNUSED_FUNCTION = YES;
				GCC_WARN_UNUSED_VARIABLE = YES;
				IPHONEOS_DEPLOYMENT_TARGET = 11.2;
				MTL_ENABLE_DEBUG_INFO = NO;
				SDKROOT = iphoneos;
				SWIFT_OPTIMIZATION_LEVEL = "-Owholemodule";
				VALIDATE_PRODUCT = YES;
			};
			name = Release;
		};
		D3DBBA4E203C0B8600970D86 /* Debug */ = {
			isa = XCBuildConfiguration;
			baseConfigurationReference = 21D78235CD5984A52350AA41 /* Pods-Instagram.debug.xcconfig */;
			buildSettings = {
				ASSETCATALOG_COMPILER_APPICON_NAME = AppIcon;
				CODE_SIGN_STYLE = Automatic;
				DEVELOPMENT_TEAM = MFYY5N8ZZY;
				INFOPLIST_FILE = Instagram/Info.plist;
				LD_RUNPATH_SEARCH_PATHS = "$(inherited) @executable_path/Frameworks";
				PRODUCT_BUNDLE_IDENTIFIER = com.albinencio.Instagram;
				PRODUCT_NAME = "$(TARGET_NAME)";
				SWIFT_VERSION = 4.0;
				TARGETED_DEVICE_FAMILY = "1,2";
			};
			name = Debug;
		};
		D3DBBA4F203C0B8600970D86 /* Release */ = {
			isa = XCBuildConfiguration;
			baseConfigurationReference = F56F49B042181C914EF7FE25 /* Pods-Instagram.release.xcconfig */;
			buildSettings = {
				ASSETCATALOG_COMPILER_APPICON_NAME = AppIcon;
				CODE_SIGN_STYLE = Automatic;
				DEVELOPMENT_TEAM = MFYY5N8ZZY;
				INFOPLIST_FILE = Instagram/Info.plist;
				LD_RUNPATH_SEARCH_PATHS = "$(inherited) @executable_path/Frameworks";
				PRODUCT_BUNDLE_IDENTIFIER = com.albinencio.Instagram;
				PRODUCT_NAME = "$(TARGET_NAME)";
				SWIFT_VERSION = 4.0;
				TARGETED_DEVICE_FAMILY = "1,2";
			};
			name = Release;
		};
		D3DBBA51203C0B8600970D86 /* Debug */ = {
			isa = XCBuildConfiguration;
			baseConfigurationReference = ABDD0CD8999FC0D42B9FE359 /* Pods-InstagramTests.debug.xcconfig */;
			buildSettings = {
				ALWAYS_EMBED_SWIFT_STANDARD_LIBRARIES = YES;
				BUNDLE_LOADER = "$(TEST_HOST)";
				CODE_SIGN_STYLE = Automatic;
				DEVELOPMENT_TEAM = MFYY5N8ZZY;
				INFOPLIST_FILE = InstagramTests/Info.plist;
				LD_RUNPATH_SEARCH_PATHS = "$(inherited) @executable_path/Frameworks @loader_path/Frameworks";
				PRODUCT_BUNDLE_IDENTIFIER = com.albinencio.InstagramTests;
				PRODUCT_NAME = "$(TARGET_NAME)";
				SWIFT_VERSION = 4.0;
				TARGETED_DEVICE_FAMILY = "1,2";
				TEST_HOST = "$(BUILT_PRODUCTS_DIR)/Instagram.app/Instagram";
			};
			name = Debug;
		};
		D3DBBA52203C0B8600970D86 /* Release */ = {
			isa = XCBuildConfiguration;
			baseConfigurationReference = 7F093C8A233C6EE8A8FAAD28 /* Pods-InstagramTests.release.xcconfig */;
			buildSettings = {
				ALWAYS_EMBED_SWIFT_STANDARD_LIBRARIES = YES;
				BUNDLE_LOADER = "$(TEST_HOST)";
				CODE_SIGN_STYLE = Automatic;
				DEVELOPMENT_TEAM = MFYY5N8ZZY;
				INFOPLIST_FILE = InstagramTests/Info.plist;
				LD_RUNPATH_SEARCH_PATHS = "$(inherited) @executable_path/Frameworks @loader_path/Frameworks";
				PRODUCT_BUNDLE_IDENTIFIER = com.albinencio.InstagramTests;
				PRODUCT_NAME = "$(TARGET_NAME)";
				SWIFT_VERSION = 4.0;
				TARGETED_DEVICE_FAMILY = "1,2";
				TEST_HOST = "$(BUILT_PRODUCTS_DIR)/Instagram.app/Instagram";
			};
			name = Release;
		};
		D3DBBA54203C0B8600970D86 /* Debug */ = {
			isa = XCBuildConfiguration;
			baseConfigurationReference = 5BC193B0D4A587E9495C90D1 /* Pods-InstagramUITests.debug.xcconfig */;
			buildSettings = {
				ALWAYS_EMBED_SWIFT_STANDARD_LIBRARIES = YES;
				CODE_SIGN_STYLE = Automatic;
				DEVELOPMENT_TEAM = MFYY5N8ZZY;
				INFOPLIST_FILE = InstagramUITests/Info.plist;
				LD_RUNPATH_SEARCH_PATHS = "$(inherited) @executable_path/Frameworks @loader_path/Frameworks";
				PRODUCT_BUNDLE_IDENTIFIER = com.albinencio.InstagramUITests;
				PRODUCT_NAME = "$(TARGET_NAME)";
				SWIFT_VERSION = 4.0;
				TARGETED_DEVICE_FAMILY = "1,2";
				TEST_TARGET_NAME = Instagram;
			};
			name = Debug;
		};
		D3DBBA55203C0B8600970D86 /* Release */ = {
			isa = XCBuildConfiguration;
			baseConfigurationReference = 37B1733F6195D6801A6986C0 /* Pods-InstagramUITests.release.xcconfig */;
			buildSettings = {
				ALWAYS_EMBED_SWIFT_STANDARD_LIBRARIES = YES;
				CODE_SIGN_STYLE = Automatic;
				DEVELOPMENT_TEAM = MFYY5N8ZZY;
				INFOPLIST_FILE = InstagramUITests/Info.plist;
				LD_RUNPATH_SEARCH_PATHS = "$(inherited) @executable_path/Frameworks @loader_path/Frameworks";
				PRODUCT_BUNDLE_IDENTIFIER = com.albinencio.InstagramUITests;
				PRODUCT_NAME = "$(TARGET_NAME)";
				SWIFT_VERSION = 4.0;
				TARGETED_DEVICE_FAMILY = "1,2";
				TEST_TARGET_NAME = Instagram;
			};
			name = Release;
		};
/* End XCBuildConfiguration section */

/* Begin XCConfigurationList section */
		D3DBBA20203C0B8600970D86 /* Build configuration list for PBXProject "Instagram" */ = {
			isa = XCConfigurationList;
			buildConfigurations = (
				D3DBBA4B203C0B8600970D86 /* Debug */,
				D3DBBA4C203C0B8600970D86 /* Release */,
			);
			defaultConfigurationIsVisible = 0;
			defaultConfigurationName = Release;
		};
		D3DBBA4D203C0B8600970D86 /* Build configuration list for PBXNativeTarget "Instagram" */ = {
			isa = XCConfigurationList;
			buildConfigurations = (
				D3DBBA4E203C0B8600970D86 /* Debug */,
				D3DBBA4F203C0B8600970D86 /* Release */,
			);
			defaultConfigurationIsVisible = 0;
			defaultConfigurationName = Release;
		};
		D3DBBA50203C0B8600970D86 /* Build configuration list for PBXNativeTarget "InstagramTests" */ = {
			isa = XCConfigurationList;
			buildConfigurations = (
				D3DBBA51203C0B8600970D86 /* Debug */,
				D3DBBA52203C0B8600970D86 /* Release */,
			);
			defaultConfigurationIsVisible = 0;
			defaultConfigurationName = Release;
		};
		D3DBBA53203C0B8600970D86 /* Build configuration list for PBXNativeTarget "InstagramUITests" */ = {
			isa = XCConfigurationList;
			buildConfigurations = (
				D3DBBA54203C0B8600970D86 /* Debug */,
				D3DBBA55203C0B8600970D86 /* Release */,
			);
			defaultConfigurationIsVisible = 0;
			defaultConfigurationName = Release;
		};
/* End XCConfigurationList section */
	};
	rootObject = D3DBBA1D203C0B8600970D86 /* Project object */;
}
